// !$*UTF8*$!
{
	archiveVersion = 1;
	classes = {
	};
	objectVersion = 46;
	objects = {

/* Begin PBXBuildFile section */
		57A82023AE5E46DB9873304B /* libPods-TiMiRecording.a in Frameworks */ = {isa = PBXBuildFile; fileRef = D676AEF73B5595BC7B32D871 /* libPods-TiMiRecording.a */; };
		D20028151D82BA08004324DF /* MUAlertView.swift in Sources */ = {isa = PBXBuildFile; fileRef = D20028121D82BA08004324DF /* MUAlertView.swift */; };
		D20028161D82BA08004324DF /* MUPromtViewController.swift in Sources */ = {isa = PBXBuildFile; fileRef = D20028131D82BA08004324DF /* MUPromtViewController.swift */; };
		D20028171D82BA08004324DF /* MUWindow.swift in Sources */ = {isa = PBXBuildFile; fileRef = D20028141D82BA08004324DF /* MUWindow.swift */; };
		D207A7D51D87962300F1B639 /* MURectModel.swift in Sources */ = {isa = PBXBuildFile; fileRef = D207A7D41D87962300F1B639 /* MURectModel.swift */; };
		D207A7D91D87AD6500F1B639 /* MUFMDBManager.swift in Sources */ = {isa = PBXBuildFile; fileRef = D207A7D81D87AD6500F1B639 /* MUFMDBManager.swift */; };
		D25BD6021D9511E900587757 /* RightChartViewController.swift in Sources */ = {isa = PBXBuildFile; fileRef = D25BD6011D9511E900587757 /* RightChartViewController.swift */; };
		D25E4C901D79090300808EA6 /* MUAccountDetailModel.swift in Sources */ = {isa = PBXBuildFile; fileRef = D25E4C8F1D79090300808EA6 /* MUAccountDetailModel.swift */; };
		D25E4C921D79104600808EA6 /* MUAccountPayment.plist in Resources */ = {isa = PBXBuildFile; fileRef = D25E4C911D79104600808EA6 /* MUAccountPayment.plist */; };
		D25E4C941D79107E00808EA6 /* MUAccoutIncome.plist in Resources */ = {isa = PBXBuildFile; fileRef = D25E4C931D79107E00808EA6 /* MUAccoutIncome.plist */; };
		D25E4C961D79610E00808EA6 /* AccountDetailEditingViewController.swift in Sources */ = {isa = PBXBuildFile; fileRef = D25E4C951D79610E00808EA6 /* AccountDetailEditingViewController.swift */; };
		D25E4C981D79671000808EA6 /* AccountDetailItemTableViewCell.swift in Sources */ = {isa = PBXBuildFile; fileRef = D25E4C971D79671000808EA6 /* AccountDetailItemTableViewCell.swift */; };
		D25E4C9B1D796B4400808EA6 /* AccountDetailItemTableView.swift in Sources */ = {isa = PBXBuildFile; fileRef = D25E4C9A1D796B4400808EA6 /* AccountDetailItemTableView.swift */; };
		D25E4C9D1D79799B00808EA6 /* AccountDetailTableHeaderView.swift in Sources */ = {isa = PBXBuildFile; fileRef = D25E4C9C1D79799B00808EA6 /* AccountDetailTableHeaderView.swift */; };
		D27B93361D7D143300E94562 /* MUAccountDataManager.swift in Sources */ = {isa = PBXBuildFile; fileRef = D27B93351D7D143300E94562 /* MUAccountDataManager.swift */; };
		D27B93391D7D3DAC00E94562 /* MUAccountEditCollectionView.swift in Sources */ = {isa = PBXBuildFile; fileRef = D27B93381D7D3DAC00E94562 /* MUAccountEditCollectionView.swift */; };
		D27B933B1D7D452A00E94562 /* MUAccountEditItemCell.swift in Sources */ = {isa = PBXBuildFile; fileRef = D27B933A1D7D452A00E94562 /* MUAccountEditItemCell.swift */; };
		D27B933D1D7D4D3E00E94562 /* MUAccountEditTopView.swift in Sources */ = {isa = PBXBuildFile; fileRef = D27B933C1D7D4D3E00E94562 /* MUAccountEditTopView.swift */; };
		D29972961D951FE900F9AE94 /* MUPaymentAnlalyseChart.swift in Sources */ = {isa = PBXBuildFile; fileRef = D29972951D951FE900F9AE94 /* MUPaymentAnlalyseChart.swift */; };
		D2A267781D813C5E0069F7C6 /* MUAccountKeyBoardView.swift in Sources */ = {isa = PBXBuildFile; fileRef = D2A267771D813C5E0069F7C6 /* MUAccountKeyBoardView.swift */; };
		D2B4501C1D78334200BC7D68 /* TopBackgroundImageView.swift in Sources */ = {isa = PBXBuildFile; fileRef = D2B4501B1D78334200BC7D68 /* TopBackgroundImageView.swift */; };
		D2B4501F1D78342D00BC7D68 /* TiMiHeader.swift in Sources */ = {isa = PBXBuildFile; fileRef = D2B4501E1D78342D00BC7D68 /* TiMiHeader.swift */; };
		D2E44E081D7670CC00CFF8AB /* AppDelegate.swift in Sources */ = {isa = PBXBuildFile; fileRef = D2E44E071D7670CC00CFF8AB /* AppDelegate.swift */; };
		D2E44E0A1D7670CC00CFF8AB /* ViewController.swift in Sources */ = {isa = PBXBuildFile; fileRef = D2E44E091D7670CC00CFF8AB /* ViewController.swift */; };
		D2E44E0D1D7670CC00CFF8AB /* Main.storyboard in Resources */ = {isa = PBXBuildFile; fileRef = D2E44E0B1D7670CC00CFF8AB /* Main.storyboard */; };
		D2E44E0F1D7670CC00CFF8AB /* Assets.xcassets in Resources */ = {isa = PBXBuildFile; fileRef = D2E44E0E1D7670CC00CFF8AB /* Assets.xcassets */; };
		D2E44E121D7670CC00CFF8AB /* LaunchScreen.storyboard in Resources */ = {isa = PBXBuildFile; fileRef = D2E44E101D7670CC00CFF8AB /* LaunchScreen.storyboard */; };
		D2E44E1D1D7670CC00CFF8AB /* TiMiRecordingTests.swift in Sources */ = {isa = PBXBuildFile; fileRef = D2E44E1C1D7670CC00CFF8AB /* TiMiRecordingTests.swift */; };
		D2E44E281D7670CC00CFF8AB /* TiMiRecordingUITests.swift in Sources */ = {isa = PBXBuildFile; fileRef = D2E44E271D7670CC00CFF8AB /* TiMiRecordingUITests.swift */; };
		D2FE2F7A1D93CAED0064B8D9 /* AccountTipsEditViewController.swift in Sources */ = {isa = PBXBuildFile; fileRef = D2FE2F791D93CAED0064B8D9 /* AccountTipsEditViewController.swift */; };
/* End PBXBuildFile section */

/* Begin PBXContainerItemProxy section */
		D2E44E191D7670CC00CFF8AB /* PBXContainerItemProxy */ = {
			isa = PBXContainerItemProxy;
			containerPortal = D2E44DFC1D7670CB00CFF8AB /* Project object */;
			proxyType = 1;
			remoteGlobalIDString = D2E44E031D7670CC00CFF8AB;
			remoteInfo = TiMiRecording;
		};
		D2E44E241D7670CC00CFF8AB /* PBXContainerItemProxy */ = {
			isa = PBXContainerItemProxy;
			containerPortal = D2E44DFC1D7670CB00CFF8AB /* Project object */;
			proxyType = 1;
			remoteGlobalIDString = D2E44E031D7670CC00CFF8AB;
			remoteInfo = TiMiRecording;
		};
/* End PBXContainerItemProxy section */

/* Begin PBXFileReference section */
		22E65282A1C7E6E50D4228B9 /* Pods-TiMiRecording.debug.xcconfig */ = {isa = PBXFileReference; includeInIndex = 1; lastKnownFileType = text.xcconfig; name = "Pods-TiMiRecording.debug.xcconfig"; path = "Pods/Target Support Files/Pods-TiMiRecording/Pods-TiMiRecording.debug.xcconfig"; sourceTree = "<group>"; };
		32286F4D8A57194BE867622C /* Pods-TiMiRecording.release.xcconfig */ = {isa = PBXFileReference; includeInIndex = 1; lastKnownFileType = text.xcconfig; name = "Pods-TiMiRecording.release.xcconfig"; path = "Pods/Target Support Files/Pods-TiMiRecording/Pods-TiMiRecording.release.xcconfig"; sourceTree = "<group>"; };
		D20028121D82BA08004324DF /* MUAlertView.swift */ = {isa = PBXFileReference; fileEncoding = 4; lastKnownFileType = sourcecode.swift; path = MUAlertView.swift; sourceTree = "<group>"; };
		D20028131D82BA08004324DF /* MUPromtViewController.swift */ = {isa = PBXFileReference; fileEncoding = 4; lastKnownFileType = sourcecode.swift; path = MUPromtViewController.swift; sourceTree = "<group>"; };
		D20028141D82BA08004324DF /* MUWindow.swift */ = {isa = PBXFileReference; fileEncoding = 4; lastKnownFileType = sourcecode.swift; path = MUWindow.swift; sourceTree = "<group>"; };
		D207A7D41D87962300F1B639 /* MURectModel.swift */ = {isa = PBXFileReference; fileEncoding = 4; lastKnownFileType = sourcecode.swift; path = MURectModel.swift; sourceTree = "<group>"; };
		D207A7D81D87AD6500F1B639 /* MUFMDBManager.swift */ = {isa = PBXFileReference; fileEncoding = 4; lastKnownFileType = sourcecode.swift; path = MUFMDBManager.swift; sourceTree = "<group>"; };
		D25BD6011D9511E900587757 /* RightChartViewController.swift */ = {isa = PBXFileReference; fileEncoding = 4; lastKnownFileType = sourcecode.swift; path = RightChartViewController.swift; sourceTree = "<group>"; };
		D25E4C8F1D79090300808EA6 /* MUAccountDetailModel.swift */ = {isa = PBXFileReference; fileEncoding = 4; lastKnownFileType = sourcecode.swift; path = MUAccountDetailModel.swift; sourceTree = "<group>"; };
		D25E4C911D79104600808EA6 /* MUAccountPayment.plist */ = {isa = PBXFileReference; fileEncoding = 4; lastKnownFileType = text.plist.xml; path = MUAccountPayment.plist; sourceTree = "<group>"; };
		D25E4C931D79107E00808EA6 /* MUAccoutIncome.plist */ = {isa = PBXFileReference; fileEncoding = 4; lastKnownFileType = text.plist.xml; path = MUAccoutIncome.plist; sourceTree = "<group>"; };
		D25E4C951D79610E00808EA6 /* AccountDetailEditingViewController.swift */ = {isa = PBXFileReference; fileEncoding = 4; lastKnownFileType = sourcecode.swift; path = AccountDetailEditingViewController.swift; sourceTree = "<group>"; };
		D25E4C971D79671000808EA6 /* AccountDetailItemTableViewCell.swift */ = {isa = PBXFileReference; fileEncoding = 4; lastKnownFileType = sourcecode.swift; path = AccountDetailItemTableViewCell.swift; sourceTree = "<group>"; };
		D25E4C9A1D796B4400808EA6 /* AccountDetailItemTableView.swift */ = {isa = PBXFileReference; fileEncoding = 4; lastKnownFileType = sourcecode.swift; path = AccountDetailItemTableView.swift; sourceTree = "<group>"; };
		D25E4C9C1D79799B00808EA6 /* AccountDetailTableHeaderView.swift */ = {isa = PBXFileReference; fileEncoding = 4; lastKnownFileType = sourcecode.swift; path = AccountDetailTableHeaderView.swift; sourceTree = "<group>"; };
		D27B93351D7D143300E94562 /* MUAccountDataManager.swift */ = {isa = PBXFileReference; fileEncoding = 4; lastKnownFileType = sourcecode.swift; path = MUAccountDataManager.swift; sourceTree = "<group>"; };
		D27B93381D7D3DAC00E94562 /* MUAccountEditCollectionView.swift */ = {isa = PBXFileReference; fileEncoding = 4; lastKnownFileType = sourcecode.swift; path = MUAccountEditCollectionView.swift; sourceTree = "<group>"; };
		D27B933A1D7D452A00E94562 /* MUAccountEditItemCell.swift */ = {isa = PBXFileReference; fileEncoding = 4; lastKnownFileType = sourcecode.swift; path = MUAccountEditItemCell.swift; sourceTree = "<group>"; };
		D27B933C1D7D4D3E00E94562 /* MUAccountEditTopView.swift */ = {isa = PBXFileReference; fileEncoding = 4; lastKnownFileType = sourcecode.swift; path = MUAccountEditTopView.swift; sourceTree = "<group>"; };
		D29972951D951FE900F9AE94 /* MUPaymentAnlalyseChart.swift */ = {isa = PBXFileReference; fileEncoding = 4; lastKnownFileType = sourcecode.swift; path = MUPaymentAnlalyseChart.swift; sourceTree = "<group>"; };
		D2A267771D813C5E0069F7C6 /* MUAccountKeyBoardView.swift */ = {isa = PBXFileReference; fileEncoding = 4; lastKnownFileType = sourcecode.swift; path = MUAccountKeyBoardView.swift; sourceTree = "<group>"; };
		D2B4501B1D78334200BC7D68 /* TopBackgroundImageView.swift */ = {isa = PBXFileReference; fileEncoding = 4; lastKnownFileType = sourcecode.swift; path = TopBackgroundImageView.swift; sourceTree = "<group>"; };
		D2B4501E1D78342D00BC7D68 /* TiMiHeader.swift */ = {isa = PBXFileReference; fileEncoding = 4; lastKnownFileType = sourcecode.swift; path = TiMiHeader.swift; sourceTree = "<group>"; };
		D2E44E041D7670CC00CFF8AB /* TiMiRecording.app */ = {isa = PBXFileReference; explicitFileType = wrapper.application; includeInIndex = 0; path = TiMiRecording.app; sourceTree = BUILT_PRODUCTS_DIR; };
		D2E44E071D7670CC00CFF8AB /* AppDelegate.swift */ = {isa = PBXFileReference; lastKnownFileType = sourcecode.swift; path = AppDelegate.swift; sourceTree = "<group>"; };
		D2E44E091D7670CC00CFF8AB /* ViewController.swift */ = {isa = PBXFileReference; lastKnownFileType = sourcecode.swift; path = ViewController.swift; sourceTree = "<group>"; };
		D2E44E0C1D7670CC00CFF8AB /* Base */ = {isa = PBXFileReference; lastKnownFileType = file.storyboard; name = Base; path = Base.lproj/Main.storyboard; sourceTree = "<group>"; };
		D2E44E0E1D7670CC00CFF8AB /* Assets.xcassets */ = {isa = PBXFileReference; lastKnownFileType = folder.assetcatalog; path = Assets.xcassets; sourceTree = "<group>"; };
		D2E44E111D7670CC00CFF8AB /* Base */ = {isa = PBXFileReference; lastKnownFileType = file.storyboard; name = Base; path = Base.lproj/LaunchScreen.storyboard; sourceTree = "<group>"; };
		D2E44E131D7670CC00CFF8AB /* Info.plist */ = {isa = PBXFileReference; lastKnownFileType = text.plist.xml; path = Info.plist; sourceTree = "<group>"; };
		D2E44E181D7670CC00CFF8AB /* TiMiRecordingTests.xctest */ = {isa = PBXFileReference; explicitFileType = wrapper.cfbundle; includeInIndex = 0; path = TiMiRecordingTests.xctest; sourceTree = BUILT_PRODUCTS_DIR; };
		D2E44E1C1D7670CC00CFF8AB /* TiMiRecordingTests.swift */ = {isa = PBXFileReference; lastKnownFileType = sourcecode.swift; path = TiMiRecordingTests.swift; sourceTree = "<group>"; };
		D2E44E1E1D7670CC00CFF8AB /* Info.plist */ = {isa = PBXFileReference; lastKnownFileType = text.plist.xml; path = Info.plist; sourceTree = "<group>"; };
		D2E44E231D7670CC00CFF8AB /* TiMiRecordingUITests.xctest */ = {isa = PBXFileReference; explicitFileType = wrapper.cfbundle; includeInIndex = 0; path = TiMiRecordingUITests.xctest; sourceTree = BUILT_PRODUCTS_DIR; };
		D2E44E271D7670CC00CFF8AB /* TiMiRecordingUITests.swift */ = {isa = PBXFileReference; lastKnownFileType = sourcecode.swift; path = TiMiRecordingUITests.swift; sourceTree = "<group>"; };
		D2E44E291D7670CC00CFF8AB /* Info.plist */ = {isa = PBXFileReference; lastKnownFileType = text.plist.xml; path = Info.plist; sourceTree = "<group>"; };
		D2F9D9861D782A8C00BEB8D7 /* OCChannel.h */ = {isa = PBXFileReference; fileEncoding = 4; lastKnownFileType = sourcecode.c.h; path = OCChannel.h; sourceTree = "<group>"; };
		D2FE2F791D93CAED0064B8D9 /* AccountTipsEditViewController.swift */ = {isa = PBXFileReference; fileEncoding = 4; lastKnownFileType = sourcecode.swift; path = AccountTipsEditViewController.swift; sourceTree = "<group>"; };
		D676AEF73B5595BC7B32D871 /* libPods-TiMiRecording.a */ = {isa = PBXFileReference; explicitFileType = archive.ar; includeInIndex = 0; path = "libPods-TiMiRecording.a"; sourceTree = BUILT_PRODUCTS_DIR; };
/* End PBXFileReference section */

/* Begin PBXFrameworksBuildPhase section */
		D2E44E011D7670CC00CFF8AB /* Frameworks */ = {
			isa = PBXFrameworksBuildPhase;
			buildActionMask = 2147483647;
			files = (
				57A82023AE5E46DB9873304B /* libPods-TiMiRecording.a in Frameworks */,
			);
			runOnlyForDeploymentPostprocessing = 0;
		};
		D2E44E151D7670CC00CFF8AB /* Frameworks */ = {
			isa = PBXFrameworksBuildPhase;
			buildActionMask = 2147483647;
			files = (
			);
			runOnlyForDeploymentPostprocessing = 0;
		};
		D2E44E201D7670CC00CFF8AB /* Frameworks */ = {
			isa = PBXFrameworksBuildPhase;
			buildActionMask = 2147483647;
			files = (
			);
			runOnlyForDeploymentPostprocessing = 0;
		};
/* End PBXFrameworksBuildPhase section */

/* Begin PBXGroup section */
		864A9B73FBB429216D2C4F62 /* Pods */ = {
			isa = PBXGroup;
			children = (
				22E65282A1C7E6E50D4228B9 /* Pods-TiMiRecording.debug.xcconfig */,
				32286F4D8A57194BE867622C /* Pods-TiMiRecording.release.xcconfig */,
			);
			name = Pods;
			sourceTree = "<group>";
		};
		D20028111D82B9CD004324DF /* MUFrameWork */ = {
			isa = PBXGroup;
			children = (
				D207A7D71D87AD4800F1B639 /* FMDB */,
				D207A7D61D87AD3000F1B639 /* MUWindow */,
			);
			name = MUFrameWork;
			sourceTree = "<group>";
		};
		D207A7D61D87AD3000F1B639 /* MUWindow */ = {
			isa = PBXGroup;
			children = (
				D20028121D82BA08004324DF /* MUAlertView.swift */,
				D20028131D82BA08004324DF /* MUPromtViewController.swift */,
				D20028141D82BA08004324DF /* MUWindow.swift */,
				D207A7D41D87962300F1B639 /* MURectModel.swift */,
			);
			name = MUWindow;
			sourceTree = "<group>";
		};
		D207A7D71D87AD4800F1B639 /* FMDB */ = {
			isa = PBXGroup;
			children = (
				D207A7D81D87AD6500F1B639 /* MUFMDBManager.swift */,
			);
			name = FMDB;
			sourceTree = "<group>";
		};
		D20A82941D80155A00350EB1 /* View */ = {
			isa = PBXGroup;
			children = (
				D2B4501B1D78334200BC7D68 /* TopBackgroundImageView.swift */,
				D25E4C9A1D796B4400808EA6 /* AccountDetailItemTableView.swift */,
				D25E4C9C1D79799B00808EA6 /* AccountDetailTableHeaderView.swift */,
				D25E4C971D79671000808EA6 /* AccountDetailItemTableViewCell.swift */,
			);
			name = View;
			sourceTree = "<group>";
		};
		D20A82951D80157C00350EB1 /* View */ = {
			isa = PBXGroup;
			children = (
				D27B933C1D7D4D3E00E94562 /* MUAccountEditTopView.swift */,
				D27B93381D7D3DAC00E94562 /* MUAccountEditCollectionView.swift */,
				D27B933A1D7D452A00E94562 /* MUAccountEditItemCell.swift */,
				D2A267771D813C5E0069F7C6 /* MUAccountKeyBoardView.swift */,
			);
			name = View;
			sourceTree = "<group>";
		};
		D20A82961D8015CE00350EB1 /* AccountItemEditing */ = {
			isa = PBXGroup;
			children = (
			);
			name = AccountItemEditing;
			sourceTree = "<group>";
		};
		D25BD6001D95118200587757 /* RightAccountChart */ = {
			isa = PBXGroup;
			children = (
				D25BD6011D9511E900587757 /* RightChartViewController.swift */,
				D29972951D951FE900F9AE94 /* MUPaymentAnlalyseChart.swift */,
			);
			name = RightAccountChart;
			sourceTree = "<group>";
		};
		D25E4C8C1D79087400808EA6 /* AccountCellModel */ = {
			isa = PBXGroup;
			children = (
				D25E4C8F1D79090300808EA6 /* MUAccountDetailModel.swift */,
				D27B93351D7D143300E94562 /* MUAccountDataManager.swift */,
				D25E4C911D79104600808EA6 /* MUAccountPayment.plist */,
				D25E4C931D79107E00808EA6 /* MUAccoutIncome.plist */,
			);
			name = AccountCellModel;
			sourceTree = "<group>";
		};
		D25E4C991D79671E00808EA6 /* ViewController */ = {
			isa = PBXGroup;
			children = (
				D2E44E091D7670CC00CFF8AB /* ViewController.swift */,
				D20A82941D80155A00350EB1 /* View */,
				D27B93371D7D3D2900E94562 /* AccountDetailEditing */,
				D20A82961D8015CE00350EB1 /* AccountItemEditing */,
			);
			name = ViewController;
			sourceTree = "<group>";
		};
		D27B93371D7D3D2900E94562 /* AccountDetailEditing */ = {
			isa = PBXGroup;
			children = (
				D25E4C951D79610E00808EA6 /* AccountDetailEditingViewController.swift */,
				D2FE2F791D93CAED0064B8D9 /* AccountTipsEditViewController.swift */,
				D20A82951D80157C00350EB1 /* View */,
			);
			name = AccountDetailEditing;
			sourceTree = "<group>";
		};
		D2B450161D78316A00BC7D68 /* MiddleView */ = {
			isa = PBXGroup;
			children = (
				D25E4C991D79671E00808EA6 /* ViewController */,
				D25E4C8C1D79087400808EA6 /* AccountCellModel */,
			);
			name = MiddleView;
			sourceTree = "<group>";
		};
		D2B450171D78325F00BC7D68 /* LeftAccountBook */ = {
			isa = PBXGroup;
			children = (
			);
			name = LeftAccountBook;
			sourceTree = "<group>";
		};
		D2E44DFB1D7670CB00CFF8AB = {
			isa = PBXGroup;
			children = (
				D2E44E061D7670CC00CFF8AB /* TiMiRecording */,
				D2E44E1B1D7670CC00CFF8AB /* TiMiRecordingTests */,
				D2E44E261D7670CC00CFF8AB /* TiMiRecordingUITests */,
				D2E44E051D7670CC00CFF8AB /* Products */,
				864A9B73FBB429216D2C4F62 /* Pods */,
				F4598E13F29CDCA37EDCBC09 /* Frameworks */,
			);
			sourceTree = "<group>";
		};
		D2E44E051D7670CC00CFF8AB /* Products */ = {
			isa = PBXGroup;
			children = (
				D2E44E041D7670CC00CFF8AB /* TiMiRecording.app */,
				D2E44E181D7670CC00CFF8AB /* TiMiRecordingTests.xctest */,
				D2E44E231D7670CC00CFF8AB /* TiMiRecordingUITests.xctest */,
			);
			name = Products;
			sourceTree = "<group>";
		};
		D2E44E061D7670CC00CFF8AB /* TiMiRecording */ = {
			isa = PBXGroup;
			children = (
				D2E44E071D7670CC00CFF8AB /* AppDelegate.swift */,
				D2B4501E1D78342D00BC7D68 /* TiMiHeader.swift */,
				D2F9D9861D782A8C00BEB8D7 /* OCChannel.h */,
				D2B450161D78316A00BC7D68 /* MiddleView */,
				D25BD6001D95118200587757 /* RightAccountChart */,
				D20028111D82B9CD004324DF /* MUFrameWork */,
				D2B450171D78325F00BC7D68 /* LeftAccountBook */,
				D2E44E0B1D7670CC00CFF8AB /* Main.storyboard */,
				D2E44E0E1D7670CC00CFF8AB /* Assets.xcassets */,
				D2E44E101D7670CC00CFF8AB /* LaunchScreen.storyboard */,
				D2E44E131D7670CC00CFF8AB /* Info.plist */,
			);
			path = TiMiRecording;
			sourceTree = "<group>";
		};
		D2E44E1B1D7670CC00CFF8AB /* TiMiRecordingTests */ = {
			isa = PBXGroup;
			children = (
				D2E44E1C1D7670CC00CFF8AB /* TiMiRecordingTests.swift */,
				D2E44E1E1D7670CC00CFF8AB /* Info.plist */,
			);
			path = TiMiRecordingTests;
			sourceTree = "<group>";
		};
		D2E44E261D7670CC00CFF8AB /* TiMiRecordingUITests */ = {
			isa = PBXGroup;
			children = (
				D2E44E271D7670CC00CFF8AB /* TiMiRecordingUITests.swift */,
				D2E44E291D7670CC00CFF8AB /* Info.plist */,
			);
			path = TiMiRecordingUITests;
			sourceTree = "<group>";
		};
		F4598E13F29CDCA37EDCBC09 /* Frameworks */ = {
			isa = PBXGroup;
			children = (
				D676AEF73B5595BC7B32D871 /* libPods-TiMiRecording.a */,
			);
			name = Frameworks;
			sourceTree = "<group>";
		};
/* End PBXGroup section */

/* Begin PBXNativeTarget section */
		D2E44E031D7670CC00CFF8AB /* TiMiRecording */ = {
			isa = PBXNativeTarget;
			buildConfigurationList = D2E44E2C1D7670CC00CFF8AB /* Build configuration list for PBXNativeTarget "TiMiRecording" */;
			buildPhases = (
				20C1B66B6555017B271556DF /* 📦 Check Pods Manifest.lock */,
				D2E44E001D7670CC00CFF8AB /* Sources */,
				D2E44E011D7670CC00CFF8AB /* Frameworks */,
				D2E44E021D7670CC00CFF8AB /* Resources */,
				0A6A4AB74B8F6BA428C7CD51 /* 📦 Embed Pods Frameworks */,
				5F726497307D51BC1DF4F6E0 /* 📦 Copy Pods Resources */,
			);
			buildRules = (
			);
			dependencies = (
			);
			name = TiMiRecording;
			productName = TiMiRecording;
			productReference = D2E44E041D7670CC00CFF8AB /* TiMiRecording.app */;
			productType = "com.apple.product-type.application";
		};
		D2E44E171D7670CC00CFF8AB /* TiMiRecordingTests */ = {
			isa = PBXNativeTarget;
			buildConfigurationList = D2E44E2F1D7670CC00CFF8AB /* Build configuration list for PBXNativeTarget "TiMiRecordingTests" */;
			buildPhases = (
				D2E44E141D7670CC00CFF8AB /* Sources */,
				D2E44E151D7670CC00CFF8AB /* Frameworks */,
				D2E44E161D7670CC00CFF8AB /* Resources */,
			);
			buildRules = (
			);
			dependencies = (
				D2E44E1A1D7670CC00CFF8AB /* PBXTargetDependency */,
			);
			name = TiMiRecordingTests;
			productName = TiMiRecordingTests;
			productReference = D2E44E181D7670CC00CFF8AB /* TiMiRecordingTests.xctest */;
			productType = "com.apple.product-type.bundle.unit-test";
		};
		D2E44E221D7670CC00CFF8AB /* TiMiRecordingUITests */ = {
			isa = PBXNativeTarget;
			buildConfigurationList = D2E44E321D7670CC00CFF8AB /* Build configuration list for PBXNativeTarget "TiMiRecordingUITests" */;
			buildPhases = (
				D2E44E1F1D7670CC00CFF8AB /* Sources */,
				D2E44E201D7670CC00CFF8AB /* Frameworks */,
				D2E44E211D7670CC00CFF8AB /* Resources */,
			);
			buildRules = (
			);
			dependencies = (
				D2E44E251D7670CC00CFF8AB /* PBXTargetDependency */,
			);
			name = TiMiRecordingUITests;
			productName = TiMiRecordingUITests;
			productReference = D2E44E231D7670CC00CFF8AB /* TiMiRecordingUITests.xctest */;
			productType = "com.apple.product-type.bundle.ui-testing";
		};
/* End PBXNativeTarget section */

/* Begin PBXProject section */
		D2E44DFC1D7670CB00CFF8AB /* Project object */ = {
			isa = PBXProject;
			attributes = {
				LastSwiftUpdateCheck = 0720;
				LastUpgradeCheck = 0720;
				ORGANIZATIONNAME = "潘元荣(外包)";
				TargetAttributes = {
					D2E44E031D7670CC00CFF8AB = {
						CreatedOnToolsVersion = 7.2.1;
						DevelopmentTeam = ED8TE9ETB7;
					};
					D2E44E171D7670CC00CFF8AB = {
						CreatedOnToolsVersion = 7.2.1;
						TestTargetID = D2E44E031D7670CC00CFF8AB;
					};
					D2E44E221D7670CC00CFF8AB = {
						CreatedOnToolsVersion = 7.2.1;
						TestTargetID = D2E44E031D7670CC00CFF8AB;
					};
				};
			};
			buildConfigurationList = D2E44DFF1D7670CB00CFF8AB /* Build configuration list for PBXProject "TiMiRecording" */;
			compatibilityVersion = "Xcode 3.2";
			developmentRegion = English;
			hasScannedForEncodings = 0;
			knownRegions = (
				en,
				Base,
			);
			mainGroup = D2E44DFB1D7670CB00CFF8AB;
			productRefGroup = D2E44E051D7670CC00CFF8AB /* Products */;
			projectDirPath = "";
			projectRoot = "";
			targets = (
				D2E44E031D7670CC00CFF8AB /* TiMiRecording */,
				D2E44E171D7670CC00CFF8AB /* TiMiRecordingTests */,
				D2E44E221D7670CC00CFF8AB /* TiMiRecordingUITests */,
			);
		};
/* End PBXProject section */

/* Begin PBXResourcesBuildPhase section */
		D2E44E021D7670CC00CFF8AB /* Resources */ = {
			isa = PBXResourcesBuildPhase;
			buildActionMask = 2147483647;
			files = (
				D2E44E121D7670CC00CFF8AB /* LaunchScreen.storyboard in Resources */,
				D25E4C921D79104600808EA6 /* MUAccountPayment.plist in Resources */,
				D2E44E0F1D7670CC00CFF8AB /* Assets.xcassets in Resources */,
				D2E44E0D1D7670CC00CFF8AB /* Main.storyboard in Resources */,
				D25E4C941D79107E00808EA6 /* MUAccoutIncome.plist in Resources */,
			);
			runOnlyForDeploymentPostprocessing = 0;
		};
		D2E44E161D7670CC00CFF8AB /* Resources */ = {
			isa = PBXResourcesBuildPhase;
			buildActionMask = 2147483647;
			files = (
			);
			runOnlyForDeploymentPostprocessing = 0;
		};
		D2E44E211D7670CC00CFF8AB /* Resources */ = {
			isa = PBXResourcesBuildPhase;
			buildActionMask = 2147483647;
			files = (
			);
			runOnlyForDeploymentPostprocessing = 0;
		};
/* End PBXResourcesBuildPhase section */

/* Begin PBXShellScriptBuildPhase section */
		0A6A4AB74B8F6BA428C7CD51 /* 📦 Embed Pods Frameworks */ = {
			isa = PBXShellScriptBuildPhase;
			buildActionMask = 2147483647;
			files = (
			);
			inputPaths = (
			);
			name = "📦 Embed Pods Frameworks";
			outputPaths = (
			);
			runOnlyForDeploymentPostprocessing = 0;
			shellPath = /bin/sh;
			shellScript = "\"${SRCROOT}/Pods/Target Support Files/Pods-TiMiRecording/Pods-TiMiRecording-frameworks.sh\"\n";
			showEnvVarsInLog = 0;
		};
		20C1B66B6555017B271556DF /* 📦 Check Pods Manifest.lock */ = {
			isa = PBXShellScriptBuildPhase;
			buildActionMask = 2147483647;
			files = (
			);
			inputPaths = (
			);
			name = "📦 Check Pods Manifest.lock";
			outputPaths = (
			);
			runOnlyForDeploymentPostprocessing = 0;
			shellPath = /bin/sh;
			shellScript = "diff \"${PODS_ROOT}/../Podfile.lock\" \"${PODS_ROOT}/Manifest.lock\" > /dev/null\nif [[ $? != 0 ]] ; then\n    cat << EOM\nerror: The sandbox is not in sync with the Podfile.lock. Run 'pod install' or update your CocoaPods installation.\nEOM\n    exit 1\nfi\n";
			showEnvVarsInLog = 0;
		};
		5F726497307D51BC1DF4F6E0 /* 📦 Copy Pods Resources */ = {
			isa = PBXShellScriptBuildPhase;
			buildActionMask = 2147483647;
			files = (
			);
			inputPaths = (
			);
			name = "📦 Copy Pods Resources";
			outputPaths = (
			);
			runOnlyForDeploymentPostprocessing = 0;
			shellPath = /bin/sh;
			shellScript = "\"${SRCROOT}/Pods/Target Support Files/Pods-TiMiRecording/Pods-TiMiRecording-resources.sh\"\n";
			showEnvVarsInLog = 0;
		};
/* End PBXShellScriptBuildPhase section */

/* Begin PBXSourcesBuildPhase section */
		D2E44E001D7670CC00CFF8AB /* Sources */ = {
			isa = PBXSourcesBuildPhase;
			buildActionMask = 2147483647;
			files = (
				D25E4C9D1D79799B00808EA6 /* AccountDetailTableHeaderView.swift in Sources */,
				D25BD6021D9511E900587757 /* RightChartViewController.swift in Sources */,
				D27B93361D7D143300E94562 /* MUAccountDataManager.swift in Sources */,
				D27B93391D7D3DAC00E94562 /* MUAccountEditCollectionView.swift in Sources */,
				D27B933D1D7D4D3E00E94562 /* MUAccountEditTopView.swift in Sources */,
				D25E4C901D79090300808EA6 /* MUAccountDetailModel.swift in Sources */,
				D20028171D82BA08004324DF /* MUWindow.swift in Sources */,
				D2A267781D813C5E0069F7C6 /* MUAccountKeyBoardView.swift in Sources */,
				D25E4C981D79671000808EA6 /* AccountDetailItemTableViewCell.swift in Sources */,
				D25E4C9B1D796B4400808EA6 /* AccountDetailItemTableView.swift in Sources */,
				D207A7D91D87AD6500F1B639 /* MUFMDBManager.swift in Sources */,
				D2B4501C1D78334200BC7D68 /* TopBackgroundImageView.swift in Sources */,
				D20028161D82BA08004324DF /* MUPromtViewController.swift in Sources */,
				D2E44E0A1D7670CC00CFF8AB /* ViewController.swift in Sources */,
				D2E44E081D7670CC00CFF8AB /* AppDelegate.swift in Sources */,
				D25E4C961D79610E00808EA6 /* AccountDetailEditingViewController.swift in Sources */,
				D27B933B1D7D452A00E94562 /* MUAccountEditItemCell.swift in Sources */,
				D2FE2F7A1D93CAED0064B8D9 /* AccountTipsEditViewController.swift in Sources */,
				D20028151D82BA08004324DF /* MUAlertView.swift in Sources */,
				D2B4501F1D78342D00BC7D68 /* TiMiHeader.swift in Sources */,
				D29972961D951FE900F9AE94 /* MUPaymentAnlalyseChart.swift in Sources */,
				D207A7D51D87962300F1B639 /* MURectModel.swift in Sources */,
			);
			runOnlyForDeploymentPostprocessing = 0;
		};
		D2E44E141D7670CC00CFF8AB /* Sources */ = {
			isa = PBXSourcesBuildPhase;
			buildActionMask = 2147483647;
			files = (
				D2E44E1D1D7670CC00CFF8AB /* TiMiRecordingTests.swift in Sources */,
			);
			runOnlyForDeploymentPostprocessing = 0;
		};
		D2E44E1F1D7670CC00CFF8AB /* Sources */ = {
			isa = PBXSourcesBuildPhase;
			buildActionMask = 2147483647;
			files = (
				D2E44E281D7670CC00CFF8AB /* TiMiRecordingUITests.swift in Sources */,
			);
			runOnlyForDeploymentPostprocessing = 0;
		};
/* End PBXSourcesBuildPhase section */

/* Begin PBXTargetDependency section */
		D2E44E1A1D7670CC00CFF8AB /* PBXTargetDependency */ = {
			isa = PBXTargetDependency;
			target = D2E44E031D7670CC00CFF8AB /* TiMiRecording */;
			targetProxy = D2E44E191D7670CC00CFF8AB /* PBXContainerItemProxy */;
		};
		D2E44E251D7670CC00CFF8AB /* PBXTargetDependency */ = {
			isa = PBXTargetDependency;
			target = D2E44E031D7670CC00CFF8AB /* TiMiRecording */;
			targetProxy = D2E44E241D7670CC00CFF8AB /* PBXContainerItemProxy */;
		};
/* End PBXTargetDependency section */

/* Begin PBXVariantGroup section */
		D2E44E0B1D7670CC00CFF8AB /* Main.storyboard */ = {
			isa = PBXVariantGroup;
			children = (
				D2E44E0C1D7670CC00CFF8AB /* Base */,
			);
			name = Main.storyboard;
			sourceTree = "<group>";
		};
		D2E44E101D7670CC00CFF8AB /* LaunchScreen.storyboard */ = {
			isa = PBXVariantGroup;
			children = (
				D2E44E111D7670CC00CFF8AB /* Base */,
			);
			name = LaunchScreen.storyboard;
			sourceTree = "<group>";
		};
/* End PBXVariantGroup section */

/* Begin XCBuildConfiguration section */
		D2E44E2A1D7670CC00CFF8AB /* Debug */ = {
			isa = XCBuildConfiguration;
			buildSettings = {
				ALWAYS_SEARCH_USER_PATHS = NO;
				CLANG_CXX_LANGUAGE_STANDARD = "gnu++0x";
				CLANG_CXX_LIBRARY = "libc++";
				CLANG_ENABLE_MODULES = YES;
				CLANG_ENABLE_OBJC_ARC = YES;
				CLANG_WARN_BOOL_CONVERSION = YES;
				CLANG_WARN_CONSTANT_CONVERSION = YES;
				CLANG_WARN_DIRECT_OBJC_ISA_USAGE = YES_ERROR;
				CLANG_WARN_EMPTY_BODY = YES;
				CLANG_WARN_ENUM_CONVERSION = YES;
				CLANG_WARN_INT_CONVERSION = YES;
				CLANG_WARN_OBJC_ROOT_CLASS = YES_ERROR;
				CLANG_WARN_UNREACHABLE_CODE = YES;
				CLANG_WARN__DUPLICATE_METHOD_MATCH = YES;
				"CODE_SIGN_IDENTITY[sdk=iphoneos*]" = "iPhone Developer";
				COPY_PHASE_STRIP = NO;
				DEBUG_INFORMATION_FORMAT = dwarf;
				ENABLE_STRICT_OBJC_MSGSEND = YES;
				ENABLE_TESTABILITY = YES;
				GCC_C_LANGUAGE_STANDARD = gnu99;
				GCC_DYNAMIC_NO_PIC = NO;
				GCC_NO_COMMON_BLOCKS = YES;
				GCC_OPTIMIZATION_LEVEL = 0;
				GCC_PREPROCESSOR_DEFINITIONS = (
					"DEBUG=1",
					"$(inherited)",
				);
				GCC_WARN_64_TO_32_BIT_CONVERSION = YES;
				GCC_WARN_ABOUT_RETURN_TYPE = YES_ERROR;
				GCC_WARN_UNDECLARED_SELECTOR = YES;
				GCC_WARN_UNINITIALIZED_AUTOS = YES_AGGRESSIVE;
				GCC_WARN_UNUSED_FUNCTION = YES;
				GCC_WARN_UNUSED_VARIABLE = YES;
				IPHONEOS_DEPLOYMENT_TARGET = 9.2;
				MTL_ENABLE_DEBUG_INFO = YES;
				ONLY_ACTIVE_ARCH = YES;
				SDKROOT = iphoneos;
				SWIFT_OBJC_BRIDGING_HEADER = "";
				SWIFT_OPTIMIZATION_LEVEL = "-Onone";
				TARGETED_DEVICE_FAMILY = "1,2";
			};
			name = Debug;
		};
		D2E44E2B1D7670CC00CFF8AB /* Release */ = {
			isa = XCBuildConfiguration;
			buildSettings = {
				ALWAYS_SEARCH_USER_PATHS = NO;
				CLANG_CXX_LANGUAGE_STANDARD = "gnu++0x";
				CLANG_CXX_LIBRARY = "libc++";
				CLANG_ENABLE_MODULES = YES;
				CLANG_ENABLE_OBJC_ARC = YES;
				CLANG_WARN_BOOL_CONVERSION = YES;
				CLANG_WARN_CONSTANT_CONVERSION = YES;
				CLANG_WARN_DIRECT_OBJC_ISA_USAGE = YES_ERROR;
				CLANG_WARN_EMPTY_BODY = YES;
				CLANG_WARN_ENUM_CONVERSION = YES;
				CLANG_WARN_INT_CONVERSION = YES;
				CLANG_WARN_OBJC_ROOT_CLASS = YES_ERROR;
				CLANG_WARN_UNREACHABLE_CODE = YES;
				CLANG_WARN__DUPLICATE_METHOD_MATCH = YES;
				"CODE_SIGN_IDENTITY[sdk=iphoneos*]" = "iPhone Developer";
				COPY_PHASE_STRIP = NO;
				DEBUG_INFORMATION_FORMAT = "dwarf-with-dsym";
				ENABLE_NS_ASSERTIONS = NO;
				ENABLE_STRICT_OBJC_MSGSEND = YES;
				GCC_C_LANGUAGE_STANDARD = gnu99;
				GCC_NO_COMMON_BLOCKS = YES;
				GCC_WARN_64_TO_32_BIT_CONVERSION = YES;
				GCC_WARN_ABOUT_RETURN_TYPE = YES_ERROR;
				GCC_WARN_UNDECLARED_SELECTOR = YES;
				GCC_WARN_UNINITIALIZED_AUTOS = YES_AGGRESSIVE;
				GCC_WARN_UNUSED_FUNCTION = YES;
				GCC_WARN_UNUSED_VARIABLE = YES;
				IPHONEOS_DEPLOYMENT_TARGET = 9.2;
				MTL_ENABLE_DEBUG_INFO = NO;
				SDKROOT = iphoneos;
				SWIFT_OBJC_BRIDGING_HEADER = "";
				TARGETED_DEVICE_FAMILY = "1,2";
				VALIDATE_PRODUCT = YES;
			};
			name = Release;
		};
		D2E44E2D1D7670CC00CFF8AB /* Debug */ = {
			isa = XCBuildConfiguration;
			baseConfigurationReference = 22E65282A1C7E6E50D4228B9 /* Pods-TiMiRecording.debug.xcconfig */;
			buildSettings = {
				ASSETCATALOG_COMPILER_APPICON_NAME = AppIcon;
				CODE_SIGN_IDENTITY = "iPhone Developer";
				ENABLE_BITCODE = NO;
				INFOPLIST_FILE = TiMiRecording/Info.plist;
				IPHONEOS_DEPLOYMENT_TARGET = 9.1;
				LD_RUNPATH_SEARCH_PATHS = "$(inherited) @executable_path/Frameworks";
				PRODUCT_BUNDLE_IDENTIFIER = com.pingan.RunWitnessSystemTest;
				PRODUCT_NAME = "$(TARGET_NAME)";
				SWIFT_OBJC_BRIDGING_HEADER = TiMiRecording/OCChannel.h;
			};
			name = Debug;
		};
		D2E44E2E1D7670CC00CFF8AB /* Release */ = {
			isa = XCBuildConfiguration;
			baseConfigurationReference = 32286F4D8A57194BE867622C /* Pods-TiMiRecording.release.xcconfig */;
			buildSettings = {
				ASSETCATALOG_COMPILER_APPICON_NAME = AppIcon;
				CODE_SIGN_IDENTITY = "iPhone Developer";
				ENABLE_BITCODE = NO;
				INFOPLIST_FILE = TiMiRecording/Info.plist;
				IPHONEOS_DEPLOYMENT_TARGET = 9.1;
				LD_RUNPATH_SEARCH_PATHS = "$(inherited) @executable_path/Frameworks";
				PRODUCT_BUNDLE_IDENTIFIER = com.pingan.RunWitnessSystemTest;
				PRODUCT_NAME = "$(TARGET_NAME)";
				SWIFT_OBJC_BRIDGING_HEADER = TiMiRecording/OCChannel.h;
			};
			name = Release;
		};
		D2E44E301D7670CC00CFF8AB /* Debug */ = {
			isa = XCBuildConfiguration;
			buildSettings = {
				BUNDLE_LOADER = "$(TEST_HOST)";
				INFOPLIST_FILE = TiMiRecordingTests/Info.plist;
				LD_RUNPATH_SEARCH_PATHS = "$(inherited) @executable_path/Frameworks @loader_path/Frameworks";
				PRODUCT_BUNDLE_IDENTIFIER = com.pingan.TiMiRecordingTests;
				PRODUCT_NAME = "$(TARGET_NAME)";
				TEST_HOST = "$(BUILT_PRODUCTS_DIR)/TiMiRecording.app/TiMiRecording";
			};
			name = Debug;
		};
		D2E44E311D7670CC00CFF8AB /* Release */ = {
			isa = XCBuildConfiguration;
			buildSettings = {
				BUNDLE_LOADER = "$(TEST_HOST)";
				INFOPLIST_FILE = TiMiRecordingTests/Info.plist;
				LD_RUNPATH_SEARCH_PATHS = "$(inherited) @executable_path/Frameworks @loader_path/Frameworks";
				PRODUCT_BUNDLE_IDENTIFIER = com.pingan.TiMiRecordingTests;
				PRODUCT_NAME = "$(TARGET_NAME)";
				TEST_HOST = "$(BUILT_PRODUCTS_DIR)/TiMiRecording.app/TiMiRecording";
			};
			name = Release;
		};
		D2E44E331D7670CC00CFF8AB /* Debug */ = {
			isa = XCBuildConfiguration;
			buildSettings = {
				INFOPLIST_FILE = TiMiRecordingUITests/Info.plist;
				LD_RUNPATH_SEARCH_PATHS = "$(inherited) @executable_path/Frameworks @loader_path/Frameworks";
				PRODUCT_BUNDLE_IDENTIFIER = com.pingan.TiMiRecordingUITests;
				PRODUCT_NAME = "$(TARGET_NAME)";
				TEST_TARGET_NAME = TiMiRecording;
				USES_XCTRUNNER = YES;
			};
			name = Debug;
		};
		D2E44E341D7670CC00CFF8AB /* Release */ = {
			isa = XCBuildConfiguration;
			buildSettings = {
				INFOPLIST_FILE = TiMiRecordingUITests/Info.plist;
				LD_RUNPATH_SEARCH_PATHS = "$(inherited) @executable_path/Frameworks @loader_path/Frameworks";
				PRODUCT_BUNDLE_IDENTIFIER = com.pingan.TiMiRecordingUITests;
				PRODUCT_NAME = "$(TARGET_NAME)";
				TEST_TARGET_NAME = TiMiRecording;
				USES_XCTRUNNER = YES;
			};
			name = Release;
		};
/* End XCBuildConfiguration section */

/* Begin XCConfigurationList section */
		D2E44DFF1D7670CB00CFF8AB /* Build configuration list for PBXProject "TiMiRecording" */ = {
			isa = XCConfigurationList;
			buildConfigurations = (
				D2E44E2A1D7670CC00CFF8AB /* Debug */,
				D2E44E2B1D7670CC00CFF8AB /* Release */,
			);
			defaultConfigurationIsVisible = 0;
			defaultConfigurationName = Release;
		};
		D2E44E2C1D7670CC00CFF8AB /* Build configuration list for PBXNativeTarget "TiMiRecording" */ = {
			isa = XCConfigurationList;
			buildConfigurations = (
				D2E44E2D1D7670CC00CFF8AB /* Debug */,
				D2E44E2E1D7670CC00CFF8AB /* Release */,
			);
			defaultConfigurationIsVisible = 0;
			defaultConfigurationName = Release;
		};
		D2E44E2F1D7670CC00CFF8AB /* Build configuration list for PBXNativeTarget "TiMiRecordingTests" */ = {
			isa = XCConfigurationList;
			buildConfigurations = (
				D2E44E301D7670CC00CFF8AB /* Debug */,
				D2E44E311D7670CC00CFF8AB /* Release */,
			);
			defaultConfigurationIsVisible = 0;
			defaultConfigurationName = Release;
		};
		D2E44E321D7670CC00CFF8AB /* Build configuration list for PBXNativeTarget "TiMiRecordingUITests" */ = {
			isa = XCConfigurationList;
			buildConfigurations = (
				D2E44E331D7670CC00CFF8AB /* Debug */,
				D2E44E341D7670CC00CFF8AB /* Release */,
			);
			defaultConfigurationIsVisible = 0;
			defaultConfigurationName = Release;
		};
/* End XCConfigurationList section */
	};
	rootObject = D2E44DFC1D7670CB00CFF8AB /* Project object */;
}
